// !$*UTF8*$!
{
	archiveVersion = 1;
	classes = {
	};
	objectVersion = 46;
	objects = {

/* Begin PBXBuildFile section */
		E8B2AAB31EF1A0620054BEB1 /* AppDelegate.swift in Sources */ = {isa = PBXBuildFile; fileRef = E8B2AAB21EF1A0620054BEB1 /* AppDelegate.swift */; };
		E8B2AAB81EF1A0620054BEB1 /* Main.storyboard in Resources */ = {isa = PBXBuildFile; fileRef = E8B2AAB61EF1A0620054BEB1 /* Main.storyboard */; };
		E8B2AABA1EF1A0620054BEB1 /* Assets.xcassets in Resources */ = {isa = PBXBuildFile; fileRef = E8B2AAB91EF1A0620054BEB1 /* Assets.xcassets */; };
		E8B2AABD1EF1A0620054BEB1 /* LaunchScreen.storyboard in Resources */ = {isa = PBXBuildFile; fileRef = E8B2AABB1EF1A0620054BEB1 /* LaunchScreen.storyboard */; };
		E8B2AAC51EF1A2D90054BEB1 /* kids in Resources */ = {isa = PBXBuildFile; fileRef = E8B2AAC41EF1A2D90054BEB1 /* kids */; };
		E8B2AAC71EF1A3670054BEB1 /* MyStudentViewController.swift in Sources */ = {isa = PBXBuildFile; fileRef = E8B2AAC61EF1A3670054BEB1 /* MyStudentViewController.swift */; };
		E8B2AAC91EF1A3BD0054BEB1 /* StudentItem.swift in Sources */ = {isa = PBXBuildFile; fileRef = E8B2AAC81EF1A3BD0054BEB1 /* StudentItem.swift */; };
		E8B2AACB1EF1A7AE0054BEB1 /* StudentItemCell.swift in Sources */ = {isa = PBXBuildFile; fileRef = E8B2AACA1EF1A7AE0054BEB1 /* StudentItemCell.swift */; };
		E8B2AACD1EF1B02A0054BEB1 /* StudentItemHeader.swift in Sources */ = {isa = PBXBuildFile; fileRef = E8B2AACC1EF1B02A0054BEB1 /* StudentItemHeader.swift */; };
/* End PBXBuildFile section */

/* Begin PBXFileReference section */
		E8B2AAAF1EF1A0620054BEB1 /* MemorizeStudents.app */ = {isa = PBXFileReference; explicitFileType = wrapper.application; includeInIndex = 0; path = MemorizeStudents.app; sourceTree = BUILT_PRODUCTS_DIR; };
		E8B2AAB21EF1A0620054BEB1 /* AppDelegate.swift */ = {isa = PBXFileReference; lastKnownFileType = sourcecode.swift; path = AppDelegate.swift; sourceTree = "<group>"; };
		E8B2AAB71EF1A0620054BEB1 /* Base */ = {isa = PBXFileReference; lastKnownFileType = file.storyboard; name = Base; path = Base.lproj/Main.storyboard; sourceTree = "<group>"; };
		E8B2AAB91EF1A0620054BEB1 /* Assets.xcassets */ = {isa = PBXFileReference; lastKnownFileType = folder.assetcatalog; path = Assets.xcassets; sourceTree = "<group>"; };
		E8B2AABC1EF1A0620054BEB1 /* Base */ = {isa = PBXFileReference; lastKnownFileType = file.storyboard; name = Base; path = Base.lproj/LaunchScreen.storyboard; sourceTree = "<group>"; };
		E8B2AABE1EF1A0620054BEB1 /* Info.plist */ = {isa = PBXFileReference; lastKnownFileType = text.plist.xml; path = Info.plist; sourceTree = "<group>"; };
		E8B2AAC41EF1A2D90054BEB1 /* kids */ = {isa = PBXFileReference; lastKnownFileType = folder; path = kids; sourceTree = "<group>"; };
		E8B2AAC61EF1A3670054BEB1 /* MyStudentViewController.swift */ = {isa = PBXFileReference; fileEncoding = 4; lastKnownFileType = sourcecode.swift; path = MyStudentViewController.swift; sourceTree = "<group>"; };
		E8B2AAC81EF1A3BD0054BEB1 /* StudentItem.swift */ = {isa = PBXFileReference; fileEncoding = 4; lastKnownFileType = sourcecode.swift; path = StudentItem.swift; sourceTree = "<group>"; };
		E8B2AACA1EF1A7AE0054BEB1 /* StudentItemCell.swift */ = {isa = PBXFileReference; fileEncoding = 4; lastKnownFileType = sourcecode.swift; path = StudentItemCell.swift; sourceTree = "<group>"; };
		E8B2AACC1EF1B02A0054BEB1 /* StudentItemHeader.swift */ = {isa = PBXFileReference; fileEncoding = 4; lastKnownFileType = sourcecode.swift; path = StudentItemHeader.swift; sourceTree = "<group>"; };
/* End PBXFileReference section */

/* Begin PBXFrameworksBuildPhase section */
		E8B2AAAC1EF1A0620054BEB1 /* Frameworks */ = {
			isa = PBXFrameworksBuildPhase;
			buildActionMask = 2147483647;
			files = (
			);
			runOnlyForDeploymentPostprocessing = 0;
		};
/* End PBXFrameworksBuildPhase section */

/* Begin PBXGroup section */
		E8B2AAA61EF1A0620054BEB1 = {
			isa = PBXGroup;
			children = (
				E8B2AAB11EF1A0620054BEB1 /* MemorizeStudents */,
				E8B2AAB01EF1A0620054BEB1 /* Products */,
			);
			sourceTree = "<group>";
		};
		E8B2AAB01EF1A0620054BEB1 /* Products */ = {
			isa = PBXGroup;
			children = (
				E8B2AAAF1EF1A0620054BEB1 /* MemorizeStudents.app */,
			);
			name = Products;
			sourceTree = "<group>";
		};
		E8B2AAB11EF1A0620054BEB1 /* MemorizeStudents */ = {
			isa = PBXGroup;
			children = (
				E8B2AAB21EF1A0620054BEB1 /* AppDelegate.swift */,
				E8B2AAC61EF1A3670054BEB1 /* MyStudentViewController.swift */,
				E8B2AAC81EF1A3BD0054BEB1 /* StudentItem.swift */,
				E8B2AACA1EF1A7AE0054BEB1 /* StudentItemCell.swift */,
				E8B2AACC1EF1B02A0054BEB1 /* StudentItemHeader.swift */,
				E8B2AAB61EF1A0620054BEB1 /* Main.storyboard */,
				E8B2AAB91EF1A0620054BEB1 /* Assets.xcassets */,
				E8B2AAC41EF1A2D90054BEB1 /* kids */,
				E8B2AABB1EF1A0620054BEB1 /* LaunchScreen.storyboard */,
				E8B2AABE1EF1A0620054BEB1 /* Info.plist */,
			);
			path = MemorizeStudents;
			sourceTree = "<group>";
		};
/* End PBXGroup section */

/* Begin PBXNativeTarget section */
		E8B2AAAE1EF1A0620054BEB1 /* MemorizeStudents */ = {
			isa = PBXNativeTarget;
			buildConfigurationList = E8B2AAC11EF1A0620054BEB1 /* Build configuration list for PBXNativeTarget "MemorizeStudents" */;
			buildPhases = (
				E8B2AAAB1EF1A0620054BEB1 /* Sources */,
				E8B2AAAC1EF1A0620054BEB1 /* Frameworks */,
				E8B2AAAD1EF1A0620054BEB1 /* Resources */,
			);
			buildRules = (
			);
			dependencies = (
			);
			name = MemorizeStudents;
			productName = MemorizeStudents;
			productReference = E8B2AAAF1EF1A0620054BEB1 /* MemorizeStudents.app */;
			productType = "com.apple.product-type.application";
		};
/* End PBXNativeTarget section */

/* Begin PBXProject section */
		E8B2AAA71EF1A0620054BEB1 /* Project object */ = {
			isa = PBXProject;
			attributes = {
				LastSwiftUpdateCheck = 0830;
				LastUpgradeCheck = 0830;
				ORGANIZATIONNAME = AndrewRyan;
				TargetAttributes = {
					E8B2AAAE1EF1A0620054BEB1 = {
						CreatedOnToolsVersion = 8.3;
						ProvisioningStyle = Automatic;
					};
				};
			};
			buildConfigurationList = E8B2AAAA1EF1A0620054BEB1 /* Build configuration list for PBXProject "MemorizeStudents" */;
			compatibilityVersion = "Xcode 3.2";
			developmentRegion = English;
			hasScannedForEncodings = 0;
			knownRegions = (
				en,
				Base,
			);
			mainGroup = E8B2AAA61EF1A0620054BEB1;
			productRefGroup = E8B2AAB01EF1A0620054BEB1 /* Products */;
			projectDirPath = "";
			projectRoot = "";
			targets = (
				E8B2AAAE1EF1A0620054BEB1 /* MemorizeStudents */,
			);
		};
/* End PBXProject section */

/* Begin PBXResourcesBuildPhase section */
		E8B2AAAD1EF1A0620054BEB1 /* Resources */ = {
			isa = PBXResourcesBuildPhase;
			buildActionMask = 2147483647;
			files = (
				E8B2AABD1EF1A0620054BEB1 /* LaunchScreen.storyboard in Resources */,
				E8B2AABA1EF1A0620054BEB1 /* Assets.xcassets in Resources */,
				E8B2AAB81EF1A0620054BEB1 /* Main.storyboard in Resources */,
				E8B2AAC51EF1A2D90054BEB1 /* kids in Resources */,
			);
			runOnlyForDeploymentPostprocessing = 0;
		};
/* End PBXResourcesBuildPhase section */

/* Begin PBXSourcesBuildPhase section */
		E8B2AAAB1EF1A0620054BEB1 /* Sources */ = {
			isa = PBXSourcesBuildPhase;
			buildActionMask = 2147483647;
			files = (
				E8B2AAC91EF1A3BD0054BEB1 /* StudentItem.swift in Sources */,
				E8B2AACD1EF1B02A0054BEB1 /* StudentItemHeader.swift in Sources */,
				E8B2AAC71EF1A3670054BEB1 /* MyStudentViewController.swift in Sources */,
				E8B2AACB1EF1A7AE0054BEB1 /* StudentItemCell.swift in Sources */,
				E8B2AAB31EF1A0620054BEB1 /* AppDelegate.swift in Sources */,
			);
			runOnlyForDeploymentPostprocessing = 0;
		};
/* End PBXSourcesBuildPhase section */

/* Begin PBXVariantGroup section */
		E8B2AAB61EF1A0620054BEB1 /* Main.storyboard */ = {
			isa = PBXVariantGroup;
			children = (
				E8B2AAB71EF1A0620054BEB1 /* Base */,
			);
			name = Main.storyboard;
			sourceTree = "<group>";
		};
		E8B2AABB1EF1A0620054BEB1 /* LaunchScreen.storyboard */ = {
			isa = PBXVariantGroup;
			children = (
				E8B2AABC1EF1A0620054BEB1 /* Base */,
			);
			name = LaunchScreen.storyboard;
			sourceTree = "<group>";
		};
/* End PBXVariantGroup section */

/* Begin XCBuildConfiguration section */
		E8B2AABF1EF1A0620054BEB1 /* Debug */ = {
			isa = XCBuildConfiguration;
			buildSettings = {
				ALWAYS_SEARCH_USER_PATHS = NO;
				CLANG_ANALYZER_NONNULL = YES;
				CLANG_ANALYZER_NUMBER_OBJECT_CONVERSION = YES_AGGRESSIVE;
				CLANG_CXX_LANGUAGE_STANDARD = "gnu++0x";
				CLANG_CXX_LIBRARY = "libc++";
				CLANG_ENABLE_MODULES = YES;
				CLANG_ENABLE_OBJC_ARC = YES;
				CLANG_WARN_BOOL_CONVERSION = YES;
				CLANG_WARN_CONSTANT_CONVERSION = YES;
				CLANG_WARN_DIRECT_OBJC_ISA_USAGE = YES_ERROR;
				CLANG_WARN_DOCUMENTATION_COMMENTS = YES;
				CLANG_WARN_EMPTY_BODY = YES;
				CLANG_WARN_ENUM_CONVERSION = YES;
				CLANG_WARN_INFINITE_RECURSION = YES;
				CLANG_WARN_INT_CONVERSION = YES;
				CLANG_WARN_OBJC_ROOT_CLASS = YES_ERROR;
				CLANG_WARN_SUSPICIOUS_MOVE = YES;
				CLANG_WARN_UNREACHABLE_CODE = YES;
				CLANG_WARN__DUPLICATE_METHOD_MATCH = YES;
				"CODE_SIGN_IDENTITY[sdk=iphoneos*]" = "iPhone Developer";
				COPY_PHASE_STRIP = NO;
				DEBUG_INFORMATION_FORMAT = dwarf;
				ENABLE_STRICT_OBJC_MSGSEND = YES;
				ENABLE_TESTABILITY = YES;
				GCC_C_LANGUAGE_STANDARD = gnu99;
				GCC_DYNAMIC_NO_PIC = NO;
				GCC_NO_COMMON_BLOCKS = YES;
				GCC_OPTIMIZATION_LEVEL = 0;
				GCC_PREPROCESSOR_DEFINITIONS = (
					"DEBUG=1",
					"$(inherited)",
				);
				GCC_WARN_64_TO_32_BIT_CONVERSION = YES;
				GCC_WARN_ABOUT_RETURN_TYPE = YES_ERROR;
				GCC_WARN_UNDECLARED_SELECTOR = YES;
				GCC_WARN_UNINITIALIZED_AUTOS = YES_AGGRESSIVE;
				GCC_WARN_UNUSED_FUNCTION = YES;
				GCC_WARN_UNUSED_VARIABLE = YES;
				IPHONEOS_DEPLOYMENT_TARGET = 10.3;
				MTL_ENABLE_DEBUG_INFO = YES;
				ONLY_ACTIVE_ARCH = YES;
				SDKROOT = iphoneos;
				SWIFT_ACTIVE_COMPILATION_CONDITIONS = DEBUG;
				SWIFT_OPTIMIZATION_LEVEL = "-Onone";
				TARGETED_DEVICE_FAMILY = "1,2";
			};
			name = Debug;
		};
		E8B2AAC01EF1A0620054BEB1 /* Release */ = {
			isa = XCBuildConfiguration;
			buildSettings = {
				ALWAYS_SEARCH_USER_PATHS = NO;
				CLANG_ANALYZER_NONNULL = YES;
				CLANG_ANALYZER_NUMBER_OBJECT_CONVERSION = YES_AGGRESSIVE;
				CLANG_CXX_LANGUAGE_STANDARD = "gnu++0x";
				CLANG_CXX_LIBRARY = "libc++";
				CLANG_ENABLE_MODULES = YES;
				CLANG_ENABLE_OBJC_ARC = YES;
				CLANG_WARN_BOOL_CONVERSION = YES;
				CLANG_WARN_CONSTANT_CONVERSION = YES;
				CLANG_WARN_DIRECT_OBJC_ISA_USAGE = YES_ERROR;
				CLANG_WARN_DOCUMENTATION_COMMENTS = YES;
				CLANG_WARN_EMPTY_BODY = YES;
				CLANG_WARN_ENUM_CONVERSION = YES;
				CLANG_WARN_INFINITE_RECURSION = YES;
				CLANG_WARN_INT_CONVERSION = YES;
				CLANG_WARN_OBJC_ROOT_CLASS = YES_ERROR;
				CLANG_WARN_SUSPICIOUS_MOVE = YES;
				CLANG_WARN_UNREACHABLE_CODE = YES;
				CLANG_WARN__DUPLICATE_METHOD_MATCH = YES;
				"CODE_SIGN_IDENTITY[sdk=iphoneos*]" = "iPhone Developer";
				COPY_PHASE_STRIP = NO;
				DEBUG_INFORMATION_FORMAT = "dwarf-with-dsym";
				ENABLE_NS_ASSERTIONS = NO;
				ENABLE_STRICT_OBJC_MSGSEND = YES;
				GCC_C_LANGUAGE_STANDARD = gnu99;
				GCC_NO_COMMON_BLOCKS = YES;
				GCC_WARN_64_TO_32_BIT_CONVERSION = YES;
				GCC_WARN_ABOUT_RETURN_TYPE = YES_ERROR;
				GCC_WARN_UNDECLARED_SELECTOR = YES;
				GCC_WARN_UNINITIALIZED_AUTOS = YES_AGGRESSIVE;
				GCC_WARN_UNUSED_FUNCTION = YES;
				GCC_WARN_UNUSED_VARIABLE = YES;
				IPHONEOS_DEPLOYMENT_TARGET = 10.3;
				MTL_ENABLE_DEBUG_INFO = NO;
				SDKROOT = iphoneos;
				SWIFT_OPTIMIZATION_LEVEL = "-Owholemodule";
				TARGETED_DEVICE_FAMILY = "1,2";
				VALIDATE_PRODUCT = YES;
			};
			name = Release;
		};
		E8B2AAC21EF1A0620054BEB1 /* Debug */ = {
			isa = XCBuildConfiguration;
			buildSettings = {
				ASSETCATALOG_COMPILER_APPICON_NAME = AppIcon;
				INFOPLIST_FILE = MemorizeStudents/Info.plist;
				LD_RUNPATH_SEARCH_PATHS = "$(inherited) @executable_path/Frameworks";
				PRODUCT_BUNDLE_IDENTIFIER = com.AndrewRyan.MemorizeStudents;
				PRODUCT_NAME = "$(TARGET_NAME)";
				SWIFT_VERSION = 3.0;
			};
			name = Debug;
		};
		E8B2AAC31EF1A0620054BEB1 /* Release */ = {
			isa = XCBuildConfiguration;
			buildSettings = {
				ASSETCATALOG_COMPILER_APPICON_NAME = AppIcon;
				INFOPLIST_FILE = MemorizeStudents/Info.plist;
				LD_RUNPATH_SEARCH_PATHS = "$(inherited) @executable_path/Frameworks";
				PRODUCT_BUNDLE_IDENTIFIER = com.AndrewRyan.MemorizeStudents;
				PRODUCT_NAME = "$(TARGET_NAME)";
				SWIFT_VERSION = 3.0;
			};
			name = Release;
		};
/* End XCBuildConfiguration section */

/* Begin XCConfigurationList section */
		E8B2AAAA1EF1A0620054BEB1 /* Build configuration list for PBXProject "MemorizeStudents" */ = {
			isa = XCConfigurationList;
			buildConfigurations = (
				E8B2AABF1EF1A0620054BEB1 /* Debug */,
				E8B2AAC01EF1A0620054BEB1 /* Release */,
			);
			defaultConfigurationIsVisible = 0;
			defaultConfigurationName = Release;
		};
		E8B2AAC11EF1A0620054BEB1 /* Build configuration list for PBXNativeTarget "MemorizeStudents" */ = {
			isa = XCConfigurationList;
			buildConfigurations = (
				E8B2AAC21EF1A0620054BEB1 /* Debug */,
				E8B2AAC31EF1A0620054BEB1 /* Release */,
			);
			defaultConfigurationIsVisible = 0;
		};
/* End XCConfigurationList section */
	};
	rootObject = E8B2AAA71EF1A0620054BEB1 /* Project object */;
}
